
Microsoft Visual Studio Solution File, Format Version 12.00
# Visual Studio 15
VisualStudioVersion = 15.0.27004.2005
MinimumVisualStudioVersion = 10.0.40219.1
Project("{8BC9CEB8-8B4A-11D0-8D11-00A0C91BC942}") = "MathemCastle", "MathemCastle\MathemCastle.vcxproj", "{2AD4737D-ABE4-426C-BE95-3C1A676D3E77}"
EndProject
Global
	GlobalSection(SolutionConfigurationPlatforms) = preSolution
		Debug|x64 = Debug|x64
		Debug|x86 = Debug|x86
		Release|x64 = Release|x64
		Release|x86 = Release|x86
	EndGlobalSection
	GlobalSection(ProjectConfigurationPlatforms) = postSolution
		{2AD4737D-ABE4-426C-BE95-3C1A676D3E77}.Debug|x64.ActiveCfg = Debug|x64
		{2AD4737D-ABE4-426C-BE95-3C1A676D3E77}.Debug|x64.Build.0 = Debug|x64
		{2AD4737D-ABE4-426C-BE95-3C1A676D3E77}.Debug|x86.ActiveCfg = Debug|Win32
		{2AD4737D-ABE4-426C-BE95-3C1A676D3E77}.Debug|x86.Build.0 = Debug|Win32
		{2AD4737D-ABE4-426C-BE95-3C1A676D3E77}.Release|x64.ActiveCfg = Release|x64
		{2AD4737D-ABE4-426C-BE95-3C1A676D3E77}.Release|x64.Build.0 = Release|x64
		{2AD4737D-ABE4-426C-BE95-3C1A676D3E77}.Release|x86.ActiveCfg = Release|Win32
		{2AD4737D-ABE4-426C-BE95-3C1A676D3E77}.Release|x86.Build.0 = Release|Win32
	EndGlobalSection
	GlobalSection(SolutionProperties) = preSolution
		HideSolutionNode = FALSE
	EndGlobalSection
	GlobalSection(ExtensibilityGlobals) = postSolution
		SolutionGuid = {FAB7E37E-F283-41E7-8D98-4C0684CBA7AB}
	EndGlobalSection
EndGlobal
